
Microsoft Visual Studio Solution File, Format Version 12.00
# Visual Studio Version 17
VisualStudioVersion = 17.5.33103.201
MinimumVisualStudioVersion = 10.0.40219.1
Project("{FAE04EC0-301F-11D3-BF4B-00C04F79EFBC}") = "MonkeysVSLive", "MonkeysVSLive\MonkeysVSLive.csproj", "{EC065167-D3C1-4379-A72F-63F8C2B6AC90}"
EndProject
Global
	GlobalSection(SolutionConfigurationPlatforms) = preSolution
		Debug|Any CPU = Debug|Any CPU
		Release|Any CPU = Release|Any CPU
	EndGlobalSection
	GlobalSection(ProjectConfigurationPlatforms) = postSolution
		{EC065167-D3C1-4379-A72F-63F8C2B6AC90}.Debug|Any CPU.ActiveCfg = Debug|Any CPU
		{EC065167-D3C1-4379-A72F-63F8C2B6AC90}.Debug|Any CPU.Build.0 = Debug|Any CPU
		{EC065167-D3C1-4379-A72F-63F8C2B6AC90}.Release|Any CPU.ActiveCfg = Release|Any CPU
		{EC065167-D3C1-4379-A72F-63F8C2B6AC90}.Release|Any CPU.Build.0 = Release|Any CPU
	EndGlobalSection
	GlobalSection(SolutionProperties) = preSolution
		HideSolutionNode = FALSE
	EndGlobalSection
	GlobalSection(ExtensibilityGlobals) = postSolution
		SolutionGuid = {B8A522D4-D032-4518-B877-425B873BED58}
	EndGlobalSection
EndGlobal
